
Microsoft Visual Studio Solution File, Format Version 12.00
# Visual Studio Version 17
VisualStudioVersion = 17.8.34525.116
MinimumVisualStudioVersion = 10.0.40219.1
Project("{FAE04EC0-301F-11D3-BF4B-00C04F79EFBC}") = "Sidio.Sitemap.Core", "src\Sidio.Sitemap.Core\Sidio.Sitemap.Core.csproj", "{1829E4C1-FDE8-4A79-BD3E-E38F347CDE9F}"
EndProject
Project("{FAE04EC0-301F-11D3-BF4B-00C04F79EFBC}") = "Sidio.Sitemap.Core.Tests", "src\Sidio.Sitemap.Core.Tests\Sidio.Sitemap.Core.Tests.csproj", "{52C32096-862F-4E38-A1F6-48619D230E81}"
EndProject
Project("{FAE04EC0-301F-11D3-BF4B-00C04F79EFBC}") = "Sidio.Sitemap.Core.Benchmarks", "src\Sidio.Sitemap.Core.Benchmarks\Sidio.Sitemap.Core.Benchmarks.csproj", "{D39668B4-D826-4BA6-B318-88A8F9868BD8}"
EndProject
Project("{2150E333-8FDC-42A3-9474-1A3956D46DE8}") = "SolutionFiles", "SolutionFiles", "{C0BA8CBE-7403-42A3-9FEF-AA5529328B92}"
	ProjectSection(SolutionItems) = preProject
		.gitignore = .gitignore
		LICENSE = LICENSE
		README.md = README.md
	EndProjectSection
EndProject
Project("{2150E333-8FDC-42A3-9474-1A3956D46DE8}") = "Src", "Src", "{FD9577F3-2664-492B-B24D-95826C5A100F}"
EndProject
Project("{2150E333-8FDC-42A3-9474-1A3956D46DE8}") = "Tests", "Tests", "{77224FD8-7881-4B99-BBB5-A914440B38FE}"
EndProject
Project("{2150E333-8FDC-42A3-9474-1A3956D46DE8}") = "Benchmarks", "Benchmarks", "{EFDFCC9C-541A-4791-A687-E2F2BEAC3102}"
EndProject
Project("{2150E333-8FDC-42A3-9474-1A3956D46DE8}") = "Workflows", "Workflows", "{7B4F48E2-780A-45FF-8FB2-80E8D13F2C02}"
	ProjectSection(SolutionItems) = preProject
		.github\workflows\build.yml = .github\workflows\build.yml
		.github\workflows\release.yml = .github\workflows\release.yml
	EndProjectSection
EndProject
Global
	GlobalSection(SolutionConfigurationPlatforms) = preSolution
		Debug|Any CPU = Debug|Any CPU
		Release|Any CPU = Release|Any CPU
	EndGlobalSection
	GlobalSection(ProjectConfigurationPlatforms) = postSolution
		{1829E4C1-FDE8-4A79-BD3E-E38F347CDE9F}.Debug|Any CPU.ActiveCfg = Debug|Any CPU
		{1829E4C1-FDE8-4A79-BD3E-E38F347CDE9F}.Debug|Any CPU.Build.0 = Debug|Any CPU
		{1829E4C1-FDE8-4A79-BD3E-E38F347CDE9F}.Release|Any CPU.ActiveCfg = Release|Any CPU
		{1829E4C1-FDE8-4A79-BD3E-E38F347CDE9F}.Release|Any CPU.Build.0 = Release|Any CPU
		{52C32096-862F-4E38-A1F6-48619D230E81}.Debug|Any CPU.ActiveCfg = Debug|Any CPU
		{52C32096-862F-4E38-A1F6-48619D230E81}.Debug|Any CPU.Build.0 = Debug|Any CPU
		{52C32096-862F-4E38-A1F6-48619D230E81}.Release|Any CPU.ActiveCfg = Release|Any CPU
		{52C32096-862F-4E38-A1F6-48619D230E81}.Release|Any CPU.Build.0 = Release|Any CPU
		{D39668B4-D826-4BA6-B318-88A8F9868BD8}.Debug|Any CPU.ActiveCfg = Debug|Any CPU
		{D39668B4-D826-4BA6-B318-88A8F9868BD8}.Debug|Any CPU.Build.0 = Debug|Any CPU
		{D39668B4-D826-4BA6-B318-88A8F9868BD8}.Release|Any CPU.ActiveCfg = Release|Any CPU
		{D39668B4-D826-4BA6-B318-88A8F9868BD8}.Release|Any CPU.Build.0 = Release|Any CPU
	EndGlobalSection
	GlobalSection(SolutionProperties) = preSolution
		HideSolutionNode = FALSE
	EndGlobalSection
	GlobalSection(ExtensibilityGlobals) = postSolution
		SolutionGuid = {88E643EC-9E52-4E08-9575-41789D440B42}
	EndGlobalSection
	GlobalSection(NestedProjects) = preSolution
		{1829E4C1-FDE8-4A79-BD3E-E38F347CDE9F} = {FD9577F3-2664-492B-B24D-95826C5A100F}
		{52C32096-862F-4E38-A1F6-48619D230E81} = {77224FD8-7881-4B99-BBB5-A914440B38FE}
		{D39668B4-D826-4BA6-B318-88A8F9868BD8} = {EFDFCC9C-541A-4791-A687-E2F2BEAC3102}
	EndGlobalSection
EndGlobal
